
Microsoft Visual Studio Solution File, Format Version 12.00
# Visual Studio Version 16
VisualStudioVersion = 16.0.29306.81
MinimumVisualStudioVersion = 10.0.40219.1
Project("{FAE04EC0-301F-11D3-BF4B-00C04F79EFBC}") = "AdjustableTransformers", "AdjustableTransformers\AdjustableTransformers.csproj", "{76D2C931-F00E-499C-BA15-6810316B80A5}"
EndProject
Project("{FAE04EC0-301F-11D3-BF4B-00C04F79EFBC}") = "IndustrialAutomation", "IndustrialAutomation\IndustrialAutomation.csproj", "{92184F00-FD6B-4400-BE8F-3AC2A8B1B2BF}"
EndProject
Project("{FAE04EC0-301F-11D3-BF4B-00C04F79EFBC}") = "IndustrialFoundation", "IndustrialFoundation\IndustrialFoundation.csproj", "{247F788E-6C54-483D-843A-C99F2187DFB0}"
EndProject
Project("{FAE04EC0-301F-11D3-BF4B-00C04F79EFBC}") = "IndustrializationAgriculture", "IndustrializationAgriculture\IndustrializationAgriculture.csproj", "{74D28F24-2CFD-4363-A57E-FB78AD423669}"
EndProject
Project("{FAE04EC0-301F-11D3-BF4B-00C04F79EFBC}") = "IndustrializationElectrical", "IndustrializationElectrical\IndustrializationElectrical.csproj", "{C1D09E89-7BE3-46F4-B487-B9D85FD94AB5}"
EndProject
Project("{FAE04EC0-301F-11D3-BF4B-00C04F79EFBC}") = "IndustrializationLogic", "IndustrializationLogic\IndustrializationLogic.csproj", "{0F02A79D-8F29-4D4F-A037-77E13B1E0FA6}"
EndProject
Project("{FAE04EC0-301F-11D3-BF4B-00C04F79EFBC}") = "IndustrializationStorage", "IndustrializationStorage\IndustrializationStorage.csproj", "{46B8C6A3-B5AB-4C3A-9644-ADB0C1331EE8}"
EndProject
Project("{FAE04EC0-301F-11D3-BF4B-00C04F79EFBC}") = "MarbleSculpturesAddon", "MarbleSculpturesAddon\MarbleSculpturesAddon.csproj", "{0A3694B5-03D8-4E82-87C5-FE6419A1CA3E}"
EndProject
Global
	GlobalSection(SolutionConfigurationPlatforms) = preSolution
		Debug|Any CPU = Debug|Any CPU
		Release|Any CPU = Release|Any CPU
	EndGlobalSection
	GlobalSection(ProjectConfigurationPlatforms) = postSolution
		{76D2C931-F00E-499C-BA15-6810316B80A5}.Debug|Any CPU.ActiveCfg = Debug|Any CPU
		{76D2C931-F00E-499C-BA15-6810316B80A5}.Debug|Any CPU.Build.0 = Debug|Any CPU
		{76D2C931-F00E-499C-BA15-6810316B80A5}.Release|Any CPU.ActiveCfg = Release|Any CPU
		{76D2C931-F00E-499C-BA15-6810316B80A5}.Release|Any CPU.Build.0 = Release|Any CPU

		{247F788E-6C54-483D-843A-C99F2187DFB0}.Debug|Any CPU.ActiveCfg = Debug|Any CPU
		{247F788E-6C54-483D-843A-C99F2187DFB0}.Debug|Any CPU.Build.0 = Debug|Any CPU
		{247F788E-6C54-483D-843A-C99F2187DFB0}.Release|Any CPU.ActiveCfg = Release|Any CPU
		{247F788E-6C54-483D-843A-C99F2187DFB0}.Release|Any CPU.Build.0 = Release|Any CPU

		{46B8C6A3-B5AB-4C3A-9644-ADB0C1331EE8}.Debug|Any CPU.ActiveCfg = Debug|Any CPU
		{46B8C6A3-B5AB-4C3A-9644-ADB0C1331EE8}.Debug|Any CPU.Build.0 = Debug|Any CPU
		{46B8C6A3-B5AB-4C3A-9644-ADB0C1331EE8}.Release|Any CPU.ActiveCfg = Release|Any CPU
		{46B8C6A3-B5AB-4C3A-9644-ADB0C1331EE8}.Release|Any CPU.Build.0 = Release|Any CPU

        {C1D09E89-7BE3-46F4-B487-B9D85FD94AB5}.Debug|Any CPU.ActiveCfg = Debug|Any CPU
        {C1D09E89-7BE3-46F4-B487-B9D85FD94AB5}.Debug|Any CPU.Build.0 = Debug|Any CPU
        {C1D09E89-7BE3-46F4-B487-B9D85FD94AB5}.Release|Any CPU.ActiveCfg = Release|Any CPU
        {C1D09E89-7BE3-46F4-B487-B9D85FD94AB5}.Release|Any CPU.Build.0 = Release|Any CPU

        {74D28F24-2CFD-4363-A57E-FB78AD423669}.Debug|Any CPU.ActiveCfg = Debug|Any CPU
        {74D28F24-2CFD-4363-A57E-FB78AD423669}.Debug|Any CPU.Build.0 = Debug|Any CPU
        {74D28F24-2CFD-4363-A57E-FB78AD423669}.Release|Any CPU.ActiveCfg = Release|Any CPU
        {74D28F24-2CFD-4363-A57E-FB78AD423669}.Release|Any CPU.Build.0 = Release|Any CPU

        {0A3694B5-03D8-4E82-87C5-FE6419A1CA3E}.Debug|Any CPU.ActiveCfg = Debug|Any CPU
        {0A3694B5-03D8-4E82-87C5-FE6419A1CA3E}.Debug|Any CPU.Build.0 = Debug|Any CPU
        {0A3694B5-03D8-4E82-87C5-FE6419A1CA3E}.Release|Any CPU.ActiveCfg = Release|Any CPU
        {0A3694B5-03D8-4E82-87C5-FE6419A1CA3E}.Release|Any CPU.Build.0 = Release|Any CPU

        {0F02A79D-8F29-4D4F-A037-77E13B1E0FA6}.Debug|Any CPU.ActiveCfg = Debug|Any CPU
        {0F02A79D-8F29-4D4F-A037-77E13B1E0FA6}.Debug|Any CPU.Build.0 = Debug|Any CPU
        {0F02A79D-8F29-4D4F-A037-77E13B1E0FA6}.Release|Any CPU.ActiveCfg = Release|Any CPU
        {0F02A79D-8F29-4D4F-A037-77E13B1E0FA6}.Release|Any CPU.Build.0 = Release|Any CPU

        {92184F00-FD6B-4400-BE8F-3AC2A8B1B2BF}.Debug|Any CPU.ActiveCfg = Debug|Any CPU
        {92184F00-FD6B-4400-BE8F-3AC2A8B1B2BF}.Debug|Any CPU.Build.0 = Debug|Any CPU
        {92184F00-FD6B-4400-BE8F-3AC2A8B1B2BF}.Release|Any CPU.ActiveCfg = Release|Any CPU
        {92184F00-FD6B-4400-BE8F-3AC2A8B1B2BF}.Release|Any CPU.Build.0 = Release|Any CPU
	EndGlobalSection
	GlobalSection(SolutionProperties) = preSolution
		HideSolutionNode = FALSE
	EndGlobalSection
	GlobalSection(ExtensibilityGlobals) = postSolution
		SolutionGuid = {EAEB8187-EAEC-4C10-B831-D76C85750089}
	EndGlobalSection
EndGlobal
